// !$*UTF8*$!
{
	archiveVersion = 1;
	classes = {
	};
	objectVersion = 48;
	objects = {

/* Begin PBXBuildFile section */
		CE5886AA202AEDA3003CB4D8 /* AppDelegate.m in Sources */ = {isa = PBXBuildFile; fileRef = CE5886A9202AEDA3003CB4D8 /* AppDelegate.m */; };
		CE5886AD202AEDA3003CB4D8 /* ViewController.m in Sources */ = {isa = PBXBuildFile; fileRef = CE5886AC202AEDA3003CB4D8 /* ViewController.m */; };
		CE5886B0202AEDA3003CB4D8 /* Main.storyboard in Resources */ = {isa = PBXBuildFile; fileRef = CE5886AE202AEDA3003CB4D8 /* Main.storyboard */; };
		CE5886B2202AEDA3003CB4D8 /* Assets.xcassets in Resources */ = {isa = PBXBuildFile; fileRef = CE5886B1202AEDA3003CB4D8 /* Assets.xcassets */; };
		CE5886B5202AEDA3003CB4D8 /* LaunchScreen.storyboard in Resources */ = {isa = PBXBuildFile; fileRef = CE5886B3202AEDA3003CB4D8 /* LaunchScreen.storyboard */; };
		CE5886B8202AEDA3003CB4D8 /* main.m in Sources */ = {isa = PBXBuildFile; fileRef = CE5886B7202AEDA3003CB4D8 /* main.m */; };
		CE5886C2202AEDA3003CB4D8 /* APPGeneralStructureTests.m in Sources */ = {isa = PBXBuildFile; fileRef = CE5886C1202AEDA3003CB4D8 /* APPGeneralStructureTests.m */; };
		CE5886CD202AEDA3003CB4D8 /* APPGeneralStructureUITests.m in Sources */ = {isa = PBXBuildFile; fileRef = CE5886CC202AEDA3003CB4D8 /* APPGeneralStructureUITests.m */; };
/* End PBXBuildFile section */

/* Begin PBXContainerItemProxy section */
		CE5886BE202AEDA3003CB4D8 /* PBXContainerItemProxy */ = {
			isa = PBXContainerItemProxy;
			containerPortal = CE58869D202AEDA3003CB4D8 /* Project object */;
			proxyType = 1;
			remoteGlobalIDString = CE5886A4202AEDA3003CB4D8;
			remoteInfo = APPGeneralStructure;
		};
		CE5886C9202AEDA3003CB4D8 /* PBXContainerItemProxy */ = {
			isa = PBXContainerItemProxy;
			containerPortal = CE58869D202AEDA3003CB4D8 /* Project object */;
			proxyType = 1;
			remoteGlobalIDString = CE5886A4202AEDA3003CB4D8;
			remoteInfo = APPGeneralStructure;
		};
/* End PBXContainerItemProxy section */

/* Begin PBXFileReference section */
		28D8F7192081F78D002B89F2 /* Macros.h */ = {isa = PBXFileReference; lastKnownFileType = sourcecode.c.h; path = Macros.h; sourceTree = "<group>"; };
		CE5886A5202AEDA3003CB4D8 /* APPGeneralStructure.app */ = {isa = PBXFileReference; explicitFileType = wrapper.application; includeInIndex = 0; path = APPGeneralStructure.app; sourceTree = BUILT_PRODUCTS_DIR; };
		CE5886A8202AEDA3003CB4D8 /* AppDelegate.h */ = {isa = PBXFileReference; lastKnownFileType = sourcecode.c.h; path = AppDelegate.h; sourceTree = "<group>"; };
		CE5886A9202AEDA3003CB4D8 /* AppDelegate.m */ = {isa = PBXFileReference; lastKnownFileType = sourcecode.c.objc; path = AppDelegate.m; sourceTree = "<group>"; };
		CE5886AB202AEDA3003CB4D8 /* ViewController.h */ = {isa = PBXFileReference; lastKnownFileType = sourcecode.c.h; path = ViewController.h; sourceTree = "<group>"; };
		CE5886AC202AEDA3003CB4D8 /* ViewController.m */ = {isa = PBXFileReference; lastKnownFileType = sourcecode.c.objc; path = ViewController.m; sourceTree = "<group>"; };
		CE5886AF202AEDA3003CB4D8 /* Base */ = {isa = PBXFileReference; lastKnownFileType = file.storyboard; name = Base; path = Base.lproj/Main.storyboard; sourceTree = "<group>"; };
		CE5886B1202AEDA3003CB4D8 /* Assets.xcassets */ = {isa = PBXFileReference; lastKnownFileType = folder.assetcatalog; path = Assets.xcassets; sourceTree = "<group>"; };
		CE5886B4202AEDA3003CB4D8 /* Base */ = {isa = PBXFileReference; lastKnownFileType = file.storyboard; name = Base; path = Base.lproj/LaunchScreen.storyboard; sourceTree = "<group>"; };
		CE5886B6202AEDA3003CB4D8 /* Info.plist */ = {isa = PBXFileReference; lastKnownFileType = text.plist.xml; path = Info.plist; sourceTree = "<group>"; };
		CE5886B7202AEDA3003CB4D8 /* main.m */ = {isa = PBXFileReference; lastKnownFileType = sourcecode.c.objc; path = main.m; sourceTree = "<group>"; };
		CE5886BD202AEDA3003CB4D8 /* APPGeneralStructureTests.xctest */ = {isa = PBXFileReference; explicitFileType = wrapper.cfbundle; includeInIndex = 0; path = APPGeneralStructureTests.xctest; sourceTree = BUILT_PRODUCTS_DIR; };
		CE5886C1202AEDA3003CB4D8 /* APPGeneralStructureTests.m */ = {isa = PBXFileReference; lastKnownFileType = sourcecode.c.objc; path = APPGeneralStructureTests.m; sourceTree = "<group>"; };
		CE5886C3202AEDA3003CB4D8 /* Info.plist */ = {isa = PBXFileReference; lastKnownFileType = text.plist.xml; path = Info.plist; sourceTree = "<group>"; };
		CE5886C8202AEDA3003CB4D8 /* APPGeneralStructureUITests.xctest */ = {isa = PBXFileReference; explicitFileType = wrapper.cfbundle; includeInIndex = 0; path = APPGeneralStructureUITests.xctest; sourceTree = BUILT_PRODUCTS_DIR; };
		CE5886CC202AEDA3003CB4D8 /* APPGeneralStructureUITests.m */ = {isa = PBXFileReference; lastKnownFileType = sourcecode.c.objc; path = APPGeneralStructureUITests.m; sourceTree = "<group>"; };
		CE5886CE202AEDA3003CB4D8 /* Info.plist */ = {isa = PBXFileReference; lastKnownFileType = text.plist.xml; path = Info.plist; sourceTree = "<group>"; };
		CEB2B57B202BF5CB003091AC /* Header.h */ = {isa = PBXFileReference; lastKnownFileType = sourcecode.c.h; path = Header.h; sourceTree = "<group>"; };
		CEB2B57C202BFB90003091AC /* inhouse.xcconfig */ = {isa = PBXFileReference; lastKnownFileType = text.xcconfig; path = inhouse.xcconfig; sourceTree = "<group>"; };
		CEB2B57D202BFE5E003091AC /* online.xcconfig */ = {isa = PBXFileReference; lastKnownFileType = text.xcconfig; path = online.xcconfig; sourceTree = "<group>"; };
		CEB2B57E202BFE85003091AC /* Test.xcconfig */ = {isa = PBXFileReference; lastKnownFileType = text.xcconfig; path = Test.xcconfig; sourceTree = "<group>"; };
/* End PBXFileReference section */

/* Begin PBXFrameworksBuildPhase section */
		CE5886A2202AEDA3003CB4D8 /* Frameworks */ = {
			isa = PBXFrameworksBuildPhase;
			buildActionMask = 2147483647;
			files = (
			);
			runOnlyForDeploymentPostprocessing = 0;
		};
		CE5886BA202AEDA3003CB4D8 /* Frameworks */ = {
			isa = PBXFrameworksBuildPhase;
			buildActionMask = 2147483647;
			files = (
			);
			runOnlyForDeploymentPostprocessing = 0;
		};
		CE5886C5202AEDA3003CB4D8 /* Frameworks */ = {
			isa = PBXFrameworksBuildPhase;
			buildActionMask = 2147483647;
			files = (
			);
			runOnlyForDeploymentPostprocessing = 0;
		};
/* End PBXFrameworksBuildPhase section */

/* Begin PBXGroup section */
		28D8F7052081F4ED002B89F2 /* Vendors */ = {
			isa = PBXGroup;
			children = (
			);
			path = Vendors;
			sourceTree = "<group>";
		};
		28D8F7072081F50E002B89F2 /* Resource */ = {
			isa = PBXGroup;
			children = (
				28D8F70B2081F529002B89F2 /* config */,
				28D8F70A2081F526002B89F2 /* StoryBoard */,
				28D8F7092081F523002B89F2 /* Plist */,
				28D8F7082081F520002B89F2 /* Images */,
			);
			path = Resource;
			sourceTree = "<group>";
		};
		28D8F7082081F520002B89F2 /* Images */ = {
			isa = PBXGroup;
			children = (
			);
			path = Images;
			sourceTree = "<group>";
		};
		28D8F7092081F523002B89F2 /* Plist */ = {
			isa = PBXGroup;
			children = (
			);
			path = Plist;
			sourceTree = "<group>";
		};
		28D8F70A2081F526002B89F2 /* StoryBoard */ = {
			isa = PBXGroup;
			children = (
			);
			path = StoryBoard;
			sourceTree = "<group>";
		};
		28D8F70B2081F529002B89F2 /* config */ = {
			isa = PBXGroup;
			children = (
			);
			path = config;
			sourceTree = "<group>";
		};
		28D8F70C2081F5A4002B89F2 /* Bussineess(业务) */ = {
			isa = PBXGroup;
			children = (
				28D8F70D2081F5BE002B89F2 /* Section one(业务一) */,
			);
			path = "Bussineess(业务)";
			sourceTree = "<group>";
		};
		28D8F70D2081F5BE002B89F2 /* Section one(业务一) */ = {
			isa = PBXGroup;
			children = (
				28D8F7102081F5DB002B89F2 /* Model */,
				28D8F70F2081F5D8002B89F2 /* View */,
				28D8F70E2081F5D5002B89F2 /* Control */,
			);
			path = "Section one(业务一)";
			sourceTree = "<group>";
		};
		28D8F70E2081F5D5002B89F2 /* Control */ = {
			isa = PBXGroup;
			children = (
			);
			path = Control;
			sourceTree = "<group>";
		};
		28D8F70F2081F5D8002B89F2 /* View */ = {
			isa = PBXGroup;
			children = (
			);
			path = View;
			sourceTree = "<group>";
		};
		28D8F7102081F5DB002B89F2 /* Model */ = {
			isa = PBXGroup;
			children = (
				CEB2B57C202BFB90003091AC /* inhouse.xcconfig */,
				CEB2B57D202BFE5E003091AC /* online.xcconfig */,
				CEB2B57E202BFE85003091AC /* Test.xcconfig */,
			);
			path = Model;
			sourceTree = "<group>";
		};
		28D8F7122081F6A7002B89F2 /* Expand(公共基础) */ = {
			isa = PBXGroup;
			children = (
				28D8F7182081F706002B89F2 /* Category（扩展） */,
				28D8F7172081F701002B89F2 /* Constant（常量） */,
				28D8F7162081F6FD002B89F2 /* Tool(工具) */,
				28D8F7152081F6F5002B89F2 /* NetWork（网络） */,
				28D8F7142081F6F2002B89F2 /* Macros（宏） */,
			);
			path = "Expand(公共基础)";
			sourceTree = "<group>";
		};
		28D8F7142081F6F2002B89F2 /* Macros（宏） */ = {
			isa = PBXGroup;
			children = (
				28D8F7192081F78D002B89F2 /* Macros.h */,
			);
			path = "Macros（宏）";
			sourceTree = "<group>";
		};
		28D8F7152081F6F5002B89F2 /* NetWork（网络） */ = {
			isa = PBXGroup;
			children = (
			);
			path = "NetWork（网络）";
			sourceTree = "<group>";
		};
		28D8F7162081F6FD002B89F2 /* Tool(工具) */ = {
			isa = PBXGroup;
			children = (
			);
			path = "Tool(工具)";
			sourceTree = "<group>";
		};
		28D8F7172081F701002B89F2 /* Constant（常量） */ = {
			isa = PBXGroup;
			children = (
			);
			path = "Constant（常量）";
			sourceTree = "<group>";
		};
		28D8F7182081F706002B89F2 /* Category（扩展） */ = {
			isa = PBXGroup;
			children = (
			);
			path = "Category（扩展）";
			sourceTree = "<group>";
		};
		CE58869C202AEDA3003CB4D8 = {
			isa = PBXGroup;
			children = (
<<<<<<< HEAD
				CEB2B57B202BF5CB003091AC /* Header.h */,
=======
				CE5886A7202AEDA3003CB4D8 /* APPDelegate（入口） */,
				28D8F70C2081F5A4002B89F2 /* Bussineess(业务) */,
				28D8F7122081F6A7002B89F2 /* Expand(公共基础) */,
				28D8F7072081F50E002B89F2 /* Resource */,
				28D8F7052081F4ED002B89F2 /* Vendors */,
				CE5886C0202AEDA3003CB4D8 /* APPGeneralStructureTests */,
				CE5886CB202AEDA3003CB4D8 /* APPGeneralStructureUITests */,
				CE5886A6202AEDA3003CB4D8 /* Products */,
>>>>>>> 53d61c37307b32394b2d2e7dece1b4230523e5f1
			);
			sourceTree = "<group>";
		};
		CE5886A6202AEDA3003CB4D8 /* Products */ = {
			isa = PBXGroup;
			children = (
				CE5886A5202AEDA3003CB4D8 /* APPGeneralStructure.app */,
				CE5886BD202AEDA3003CB4D8 /* APPGeneralStructureTests.xctest */,
				CE5886C8202AEDA3003CB4D8 /* APPGeneralStructureUITests.xctest */,
			);
			name = Products;
			sourceTree = "<group>";
		};
		CE5886A7202AEDA3003CB4D8 /* APPDelegate（入口） */ = {
			isa = PBXGroup;
			children = (
				CE5886A8202AEDA3003CB4D8 /* AppDelegate.h */,
				CE5886A9202AEDA3003CB4D8 /* AppDelegate.m */,
				CE5886AB202AEDA3003CB4D8 /* ViewController.h */,
				CE5886AC202AEDA3003CB4D8 /* ViewController.m */,
				CE5886AE202AEDA3003CB4D8 /* Main.storyboard */,
				CE5886B1202AEDA3003CB4D8 /* Assets.xcassets */,
				CE5886B3202AEDA3003CB4D8 /* LaunchScreen.storyboard */,
				CE5886B6202AEDA3003CB4D8 /* Info.plist */,
				CE5886B7202AEDA3003CB4D8 /* main.m */,
			);
			path = "APPDelegate（入口）";
			sourceTree = "<group>";
		};
		CE5886C0202AEDA3003CB4D8 /* APPGeneralStructureTests */ = {
			isa = PBXGroup;
			children = (
				CE5886C1202AEDA3003CB4D8 /* APPGeneralStructureTests.m */,
				CE5886C3202AEDA3003CB4D8 /* Info.plist */,
			);
			path = APPGeneralStructureTests;
			sourceTree = "<group>";
		};
		CE5886CB202AEDA3003CB4D8 /* APPGeneralStructureUITests */ = {
			isa = PBXGroup;
			children = (
				CE5886CC202AEDA3003CB4D8 /* APPGeneralStructureUITests.m */,
				CE5886CE202AEDA3003CB4D8 /* Info.plist */,
			);
			path = APPGeneralStructureUITests;
			sourceTree = "<group>";
		};
/* End PBXGroup section */

/* Begin PBXNativeTarget section */
		CE5886A4202AEDA3003CB4D8 /* APPGeneralStructure */ = {
			isa = PBXNativeTarget;
			buildConfigurationList = CE5886D1202AEDA3003CB4D8 /* Build configuration list for PBXNativeTarget "APPGeneralStructure" */;
			buildPhases = (
				CE5886A1202AEDA3003CB4D8 /* Sources */,
				CE5886A2202AEDA3003CB4D8 /* Frameworks */,
				CE5886A3202AEDA3003CB4D8 /* Resources */,
			);
			buildRules = (
			);
			dependencies = (
			);
			name = APPGeneralStructure;
			productName = APPGeneralStructure;
			productReference = CE5886A5202AEDA3003CB4D8 /* APPGeneralStructure.app */;
			productType = "com.apple.product-type.application";
		};
		CE5886BC202AEDA3003CB4D8 /* APPGeneralStructureTests */ = {
			isa = PBXNativeTarget;
			buildConfigurationList = CE5886D4202AEDA3003CB4D8 /* Build configuration list for PBXNativeTarget "APPGeneralStructureTests" */;
			buildPhases = (
				CE5886B9202AEDA3003CB4D8 /* Sources */,
				CE5886BA202AEDA3003CB4D8 /* Frameworks */,
				CE5886BB202AEDA3003CB4D8 /* Resources */,
			);
			buildRules = (
			);
			dependencies = (
				CE5886BF202AEDA3003CB4D8 /* PBXTargetDependency */,
			);
			name = APPGeneralStructureTests;
			productName = APPGeneralStructureTests;
			productReference = CE5886BD202AEDA3003CB4D8 /* APPGeneralStructureTests.xctest */;
			productType = "com.apple.product-type.bundle.unit-test";
		};
		CE5886C7202AEDA3003CB4D8 /* APPGeneralStructureUITests */ = {
			isa = PBXNativeTarget;
			buildConfigurationList = CE5886D7202AEDA3003CB4D8 /* Build configuration list for PBXNativeTarget "APPGeneralStructureUITests" */;
			buildPhases = (
				CE5886C4202AEDA3003CB4D8 /* Sources */,
				CE5886C5202AEDA3003CB4D8 /* Frameworks */,
				CE5886C6202AEDA3003CB4D8 /* Resources */,
			);
			buildRules = (
			);
			dependencies = (
				CE5886CA202AEDA3003CB4D8 /* PBXTargetDependency */,
			);
			name = APPGeneralStructureUITests;
			productName = APPGeneralStructureUITests;
			productReference = CE5886C8202AEDA3003CB4D8 /* APPGeneralStructureUITests.xctest */;
			productType = "com.apple.product-type.bundle.ui-testing";
		};
/* End PBXNativeTarget section */

/* Begin PBXProject section */
		CE58869D202AEDA3003CB4D8 /* Project object */ = {
			isa = PBXProject;
			attributes = {
				LastUpgradeCheck = 0920;
				ORGANIZATIONNAME = "https://github.com/2005wangliqun";
				TargetAttributes = {
					CE5886A4202AEDA3003CB4D8 = {
						CreatedOnToolsVersion = 9.2;
						ProvisioningStyle = Automatic;
					};
					CE5886BC202AEDA3003CB4D8 = {
						CreatedOnToolsVersion = 9.2;
						ProvisioningStyle = Automatic;
						TestTargetID = CE5886A4202AEDA3003CB4D8;
					};
					CE5886C7202AEDA3003CB4D8 = {
						CreatedOnToolsVersion = 9.2;
						ProvisioningStyle = Automatic;
						TestTargetID = CE5886A4202AEDA3003CB4D8;
					};
				};
			};
			buildConfigurationList = CE5886A0202AEDA3003CB4D8 /* Build configuration list for PBXProject "APPGeneralStructure" */;
			compatibilityVersion = "Xcode 8.0";
			developmentRegion = en;
			hasScannedForEncodings = 0;
			knownRegions = (
				en,
				Base,
			);
			mainGroup = CE58869C202AEDA3003CB4D8;
			productRefGroup = CE5886A6202AEDA3003CB4D8 /* Products */;
			projectDirPath = "";
			projectRoot = "";
			targets = (
				CE5886A4202AEDA3003CB4D8 /* APPGeneralStructure */,
				CE5886BC202AEDA3003CB4D8 /* APPGeneralStructureTests */,
				CE5886C7202AEDA3003CB4D8 /* APPGeneralStructureUITests */,
			);
		};
/* End PBXProject section */

/* Begin PBXResourcesBuildPhase section */
		CE5886A3202AEDA3003CB4D8 /* Resources */ = {
			isa = PBXResourcesBuildPhase;
			buildActionMask = 2147483647;
			files = (
				CE5886B5202AEDA3003CB4D8 /* LaunchScreen.storyboard in Resources */,
				CE5886B2202AEDA3003CB4D8 /* Assets.xcassets in Resources */,
				CE5886B0202AEDA3003CB4D8 /* Main.storyboard in Resources */,
			);
			runOnlyForDeploymentPostprocessing = 0;
		};
		CE5886BB202AEDA3003CB4D8 /* Resources */ = {
			isa = PBXResourcesBuildPhase;
			buildActionMask = 2147483647;
			files = (
			);
			runOnlyForDeploymentPostprocessing = 0;
		};
		CE5886C6202AEDA3003CB4D8 /* Resources */ = {
			isa = PBXResourcesBuildPhase;
			buildActionMask = 2147483647;
			files = (
			);
			runOnlyForDeploymentPostprocessing = 0;
		};
/* End PBXResourcesBuildPhase section */

/* Begin PBXSourcesBuildPhase section */
		CE5886A1202AEDA3003CB4D8 /* Sources */ = {
			isa = PBXSourcesBuildPhase;
			buildActionMask = 2147483647;
			files = (
				CE5886AD202AEDA3003CB4D8 /* ViewController.m in Sources */,
				CE5886B8202AEDA3003CB4D8 /* main.m in Sources */,
				CE5886AA202AEDA3003CB4D8 /* AppDelegate.m in Sources */,
			);
			runOnlyForDeploymentPostprocessing = 0;
		};
		CE5886B9202AEDA3003CB4D8 /* Sources */ = {
			isa = PBXSourcesBuildPhase;
			buildActionMask = 2147483647;
			files = (
				CE5886C2202AEDA3003CB4D8 /* APPGeneralStructureTests.m in Sources */,
			);
			runOnlyForDeploymentPostprocessing = 0;
		};
		CE5886C4202AEDA3003CB4D8 /* Sources */ = {
			isa = PBXSourcesBuildPhase;
			buildActionMask = 2147483647;
			files = (
				CE5886CD202AEDA3003CB4D8 /* APPGeneralStructureUITests.m in Sources */,
			);
			runOnlyForDeploymentPostprocessing = 0;
		};
/* End PBXSourcesBuildPhase section */

/* Begin PBXTargetDependency section */
		CE5886BF202AEDA3003CB4D8 /* PBXTargetDependency */ = {
			isa = PBXTargetDependency;
			target = CE5886A4202AEDA3003CB4D8 /* APPGeneralStructure */;
			targetProxy = CE5886BE202AEDA3003CB4D8 /* PBXContainerItemProxy */;
		};
		CE5886CA202AEDA3003CB4D8 /* PBXTargetDependency */ = {
			isa = PBXTargetDependency;
			target = CE5886A4202AEDA3003CB4D8 /* APPGeneralStructure */;
			targetProxy = CE5886C9202AEDA3003CB4D8 /* PBXContainerItemProxy */;
		};
/* End PBXTargetDependency section */

/* Begin PBXVariantGroup section */
		CE5886AE202AEDA3003CB4D8 /* Main.storyboard */ = {
			isa = PBXVariantGroup;
			children = (
				CE5886AF202AEDA3003CB4D8 /* Base */,
			);
			name = Main.storyboard;
			sourceTree = "<group>";
		};
		CE5886B3202AEDA3003CB4D8 /* LaunchScreen.storyboard */ = {
			isa = PBXVariantGroup;
			children = (
				CE5886B4202AEDA3003CB4D8 /* Base */,
			);
			name = LaunchScreen.storyboard;
			sourceTree = "<group>";
		};
/* End PBXVariantGroup section */

/* Begin XCBuildConfiguration section */
		CE5886CF202AEDA3003CB4D8 /* Debug */ = {
			isa = XCBuildConfiguration;
			baseConfigurationReference = CEB2B57C202BFB90003091AC /* inhouse.xcconfig */;
			buildSettings = {
				ALWAYS_SEARCH_USER_PATHS = NO;
				CLANG_ANALYZER_NONNULL = YES;
				CLANG_ANALYZER_NUMBER_OBJECT_CONVERSION = YES_AGGRESSIVE;
				CLANG_CXX_LANGUAGE_STANDARD = "gnu++14";
				CLANG_CXX_LIBRARY = "libc++";
				CLANG_ENABLE_MODULES = YES;
				CLANG_ENABLE_OBJC_ARC = YES;
				CLANG_WARN_BLOCK_CAPTURE_AUTORELEASING = YES;
				CLANG_WARN_BOOL_CONVERSION = YES;
				CLANG_WARN_COMMA = YES;
				CLANG_WARN_CONSTANT_CONVERSION = YES;
				CLANG_WARN_DIRECT_OBJC_ISA_USAGE = YES_ERROR;
				CLANG_WARN_DOCUMENTATION_COMMENTS = YES;
				CLANG_WARN_EMPTY_BODY = YES;
				CLANG_WARN_ENUM_CONVERSION = YES;
				CLANG_WARN_INFINITE_RECURSION = YES;
				CLANG_WARN_INT_CONVERSION = YES;
				CLANG_WARN_NON_LITERAL_NULL_CONVERSION = YES;
				CLANG_WARN_OBJC_LITERAL_CONVERSION = YES;
				CLANG_WARN_OBJC_ROOT_CLASS = YES_ERROR;
				CLANG_WARN_RANGE_LOOP_ANALYSIS = YES;
				CLANG_WARN_STRICT_PROTOTYPES = YES;
				CLANG_WARN_SUSPICIOUS_MOVE = YES;
				CLANG_WARN_UNGUARDED_AVAILABILITY = YES_AGGRESSIVE;
				CLANG_WARN_UNREACHABLE_CODE = YES;
				CLANG_WARN__DUPLICATE_METHOD_MATCH = YES;
				CODE_SIGN_IDENTITY = "iPhone Developer";
				COPY_PHASE_STRIP = NO;
				DEBUG_INFORMATION_FORMAT = dwarf;
				ENABLE_STRICT_OBJC_MSGSEND = YES;
				ENABLE_TESTABILITY = YES;
				GCC_C_LANGUAGE_STANDARD = gnu11;
				GCC_DYNAMIC_NO_PIC = NO;
				GCC_NO_COMMON_BLOCKS = YES;
				GCC_OPTIMIZATION_LEVEL = 0;
				GCC_PREPROCESSOR_DEFINITIONS = (
					"DEBUG=1",
					"$(inherited)",
				);
				GCC_WARN_64_TO_32_BIT_CONVERSION = YES;
				GCC_WARN_ABOUT_RETURN_TYPE = YES_ERROR;
				GCC_WARN_UNDECLARED_SELECTOR = YES;
				GCC_WARN_UNINITIALIZED_AUTOS = YES_AGGRESSIVE;
				GCC_WARN_UNUSED_FUNCTION = YES;
				GCC_WARN_UNUSED_VARIABLE = YES;
				IPHONEOS_DEPLOYMENT_TARGET = 11.2;
				MTL_ENABLE_DEBUG_INFO = YES;
				ONLY_ACTIVE_ARCH = YES;
				SDKROOT = iphoneos;
			};
			name = Debug;
		};
		CE5886D0202AEDA3003CB4D8 /* Release */ = {
			isa = XCBuildConfiguration;
			baseConfigurationReference = CEB2B57D202BFE5E003091AC /* online.xcconfig */;
			buildSettings = {
				ALWAYS_SEARCH_USER_PATHS = NO;
				CLANG_ANALYZER_NONNULL = YES;
				CLANG_ANALYZER_NUMBER_OBJECT_CONVERSION = YES_AGGRESSIVE;
				CLANG_CXX_LANGUAGE_STANDARD = "gnu++14";
				CLANG_CXX_LIBRARY = "libc++";
				CLANG_ENABLE_MODULES = YES;
				CLANG_ENABLE_OBJC_ARC = YES;
				CLANG_WARN_BLOCK_CAPTURE_AUTORELEASING = YES;
				CLANG_WARN_BOOL_CONVERSION = YES;
				CLANG_WARN_COMMA = YES;
				CLANG_WARN_CONSTANT_CONVERSION = YES;
				CLANG_WARN_DIRECT_OBJC_ISA_USAGE = YES_ERROR;
				CLANG_WARN_DOCUMENTATION_COMMENTS = YES;
				CLANG_WARN_EMPTY_BODY = YES;
				CLANG_WARN_ENUM_CONVERSION = YES;
				CLANG_WARN_INFINITE_RECURSION = YES;
				CLANG_WARN_INT_CONVERSION = YES;
				CLANG_WARN_NON_LITERAL_NULL_CONVERSION = YES;
				CLANG_WARN_OBJC_LITERAL_CONVERSION = YES;
				CLANG_WARN_OBJC_ROOT_CLASS = YES_ERROR;
				CLANG_WARN_RANGE_LOOP_ANALYSIS = YES;
				CLANG_WARN_STRICT_PROTOTYPES = YES;
				CLANG_WARN_SUSPICIOUS_MOVE = YES;
				CLANG_WARN_UNGUARDED_AVAILABILITY = YES_AGGRESSIVE;
				CLANG_WARN_UNREACHABLE_CODE = YES;
				CLANG_WARN__DUPLICATE_METHOD_MATCH = YES;
				CODE_SIGN_IDENTITY = "iPhone Developer";
				COPY_PHASE_STRIP = NO;
				DEBUG_INFORMATION_FORMAT = "dwarf-with-dsym";
				ENABLE_NS_ASSERTIONS = NO;
				ENABLE_STRICT_OBJC_MSGSEND = YES;
				GCC_C_LANGUAGE_STANDARD = gnu11;
				GCC_NO_COMMON_BLOCKS = YES;
				GCC_WARN_64_TO_32_BIT_CONVERSION = YES;
				GCC_WARN_ABOUT_RETURN_TYPE = YES_ERROR;
				GCC_WARN_UNDECLARED_SELECTOR = YES;
				GCC_WARN_UNINITIALIZED_AUTOS = YES_AGGRESSIVE;
				GCC_WARN_UNUSED_FUNCTION = YES;
				GCC_WARN_UNUSED_VARIABLE = YES;
				IPHONEOS_DEPLOYMENT_TARGET = 11.2;
				MTL_ENABLE_DEBUG_INFO = NO;
				SDKROOT = iphoneos;
				VALIDATE_PRODUCT = YES;
			};
			name = Release;
		};
		CE5886D2202AEDA3003CB4D8 /* Debug */ = {
			isa = XCBuildConfiguration;
			buildSettings = {
				ASSETCATALOG_COMPILER_APPICON_NAME = AppIcon;
				CODE_SIGN_STYLE = Automatic;
				DEVELOPMENT_TEAM = 4EZ8VHFB5W;
				INFOPLIST_FILE = APPGeneralStructure/Info.plist;
				LD_RUNPATH_SEARCH_PATHS = "$(inherited) @executable_path/Frameworks";
				PRODUCT_BUNDLE_IDENTIFIER = wangliqun.APPGeneralStructure;
				PRODUCT_NAME = "$(TARGET_NAME)";
				TARGETED_DEVICE_FAMILY = "1,2";
			};
			name = Debug;
		};
		CE5886D3202AEDA3003CB4D8 /* Release */ = {
			isa = XCBuildConfiguration;
			buildSettings = {
				ASSETCATALOG_COMPILER_APPICON_NAME = AppIcon;
				CODE_SIGN_STYLE = Automatic;
				DEVELOPMENT_TEAM = 4EZ8VHFB5W;
				INFOPLIST_FILE = APPGeneralStructure/Info.plist;
				LD_RUNPATH_SEARCH_PATHS = "$(inherited) @executable_path/Frameworks";
				PRODUCT_BUNDLE_IDENTIFIER = wangliqun.APPGeneralStructure;
				PRODUCT_NAME = "$(TARGET_NAME)";
				TARGETED_DEVICE_FAMILY = "1,2";
			};
			name = Release;
		};
		CE5886D5202AEDA3003CB4D8 /* Debug */ = {
			isa = XCBuildConfiguration;
			buildSettings = {
				BUNDLE_LOADER = "$(TEST_HOST)";
				CODE_SIGN_STYLE = Automatic;
				DEVELOPMENT_TEAM = 4EZ8VHFB5W;
				INFOPLIST_FILE = APPGeneralStructureTests/Info.plist;
				LD_RUNPATH_SEARCH_PATHS = "$(inherited) @executable_path/Frameworks @loader_path/Frameworks";
				PRODUCT_BUNDLE_IDENTIFIER = wangliqun.APPGeneralStructureTests;
				PRODUCT_NAME = "$(TARGET_NAME)";
				TARGETED_DEVICE_FAMILY = "1,2";
				TEST_HOST = "$(BUILT_PRODUCTS_DIR)/APPGeneralStructure.app/APPGeneralStructure";
			};
			name = Debug;
		};
		CE5886D6202AEDA3003CB4D8 /* Release */ = {
			isa = XCBuildConfiguration;
			buildSettings = {
				BUNDLE_LOADER = "$(TEST_HOST)";
				CODE_SIGN_STYLE = Automatic;
				DEVELOPMENT_TEAM = 4EZ8VHFB5W;
				INFOPLIST_FILE = APPGeneralStructureTests/Info.plist;
				LD_RUNPATH_SEARCH_PATHS = "$(inherited) @executable_path/Frameworks @loader_path/Frameworks";
				PRODUCT_BUNDLE_IDENTIFIER = wangliqun.APPGeneralStructureTests;
				PRODUCT_NAME = "$(TARGET_NAME)";
				TARGETED_DEVICE_FAMILY = "1,2";
				TEST_HOST = "$(BUILT_PRODUCTS_DIR)/APPGeneralStructure.app/APPGeneralStructure";
			};
			name = Release;
		};
		CE5886D8202AEDA3003CB4D8 /* Debug */ = {
			isa = XCBuildConfiguration;
			buildSettings = {
				CODE_SIGN_STYLE = Automatic;
				DEVELOPMENT_TEAM = 4EZ8VHFB5W;
				INFOPLIST_FILE = APPGeneralStructureUITests/Info.plist;
				LD_RUNPATH_SEARCH_PATHS = "$(inherited) @executable_path/Frameworks @loader_path/Frameworks";
				PRODUCT_BUNDLE_IDENTIFIER = wangliqun.APPGeneralStructureUITests;
				PRODUCT_NAME = "$(TARGET_NAME)";
				TARGETED_DEVICE_FAMILY = "1,2";
				TEST_TARGET_NAME = APPGeneralStructure;
			};
			name = Debug;
		};
		CE5886D9202AEDA3003CB4D8 /* Release */ = {
			isa = XCBuildConfiguration;
			buildSettings = {
				CODE_SIGN_STYLE = Automatic;
				DEVELOPMENT_TEAM = 4EZ8VHFB5W;
				INFOPLIST_FILE = APPGeneralStructureUITests/Info.plist;
				LD_RUNPATH_SEARCH_PATHS = "$(inherited) @executable_path/Frameworks @loader_path/Frameworks";
				PRODUCT_BUNDLE_IDENTIFIER = wangliqun.APPGeneralStructureUITests;
				PRODUCT_NAME = "$(TARGET_NAME)";
				TARGETED_DEVICE_FAMILY = "1,2";
				TEST_TARGET_NAME = APPGeneralStructure;
			};
			name = Release;
		};
		CEB2B57F202BFEE8003091AC /* Test */ = {
			isa = XCBuildConfiguration;
			baseConfigurationReference = CEB2B57C202BFB90003091AC /* inhouse.xcconfig */;
			buildSettings = {
				ALWAYS_SEARCH_USER_PATHS = NO;
				CLANG_ANALYZER_NONNULL = YES;
				CLANG_ANALYZER_NUMBER_OBJECT_CONVERSION = YES_AGGRESSIVE;
				CLANG_CXX_LANGUAGE_STANDARD = "gnu++14";
				CLANG_CXX_LIBRARY = "libc++";
				CLANG_ENABLE_MODULES = YES;
				CLANG_ENABLE_OBJC_ARC = YES;
				CLANG_WARN_BLOCK_CAPTURE_AUTORELEASING = YES;
				CLANG_WARN_BOOL_CONVERSION = YES;
				CLANG_WARN_COMMA = YES;
				CLANG_WARN_CONSTANT_CONVERSION = YES;
				CLANG_WARN_DIRECT_OBJC_ISA_USAGE = YES_ERROR;
				CLANG_WARN_DOCUMENTATION_COMMENTS = YES;
				CLANG_WARN_EMPTY_BODY = YES;
				CLANG_WARN_ENUM_CONVERSION = YES;
				CLANG_WARN_INFINITE_RECURSION = YES;
				CLANG_WARN_INT_CONVERSION = YES;
				CLANG_WARN_NON_LITERAL_NULL_CONVERSION = YES;
				CLANG_WARN_OBJC_LITERAL_CONVERSION = YES;
				CLANG_WARN_OBJC_ROOT_CLASS = YES_ERROR;
				CLANG_WARN_RANGE_LOOP_ANALYSIS = YES;
				CLANG_WARN_STRICT_PROTOTYPES = YES;
				CLANG_WARN_SUSPICIOUS_MOVE = YES;
				CLANG_WARN_UNGUARDED_AVAILABILITY = YES_AGGRESSIVE;
				CLANG_WARN_UNREACHABLE_CODE = YES;
				CLANG_WARN__DUPLICATE_METHOD_MATCH = YES;
				CODE_SIGN_IDENTITY = "iPhone Developer";
				COPY_PHASE_STRIP = NO;
				DEBUG_INFORMATION_FORMAT = dwarf;
				ENABLE_STRICT_OBJC_MSGSEND = YES;
				ENABLE_TESTABILITY = YES;
				GCC_C_LANGUAGE_STANDARD = gnu11;
				GCC_DYNAMIC_NO_PIC = NO;
				GCC_NO_COMMON_BLOCKS = YES;
				GCC_OPTIMIZATION_LEVEL = 0;
				GCC_PREPROCESSOR_DEFINITIONS = (
					"DEBUG=1",
					"$(inherited)",
				);
				GCC_WARN_64_TO_32_BIT_CONVERSION = YES;
				GCC_WARN_ABOUT_RETURN_TYPE = YES_ERROR;
				GCC_WARN_UNDECLARED_SELECTOR = YES;
				GCC_WARN_UNINITIALIZED_AUTOS = YES_AGGRESSIVE;
				GCC_WARN_UNUSED_FUNCTION = YES;
				GCC_WARN_UNUSED_VARIABLE = YES;
				IPHONEOS_DEPLOYMENT_TARGET = 11.2;
				MTL_ENABLE_DEBUG_INFO = YES;
				ONLY_ACTIVE_ARCH = YES;
				SDKROOT = iphoneos;
			};
			name = Test;
		};
		CEB2B580202BFEE8003091AC /* Test */ = {
			isa = XCBuildConfiguration;
			buildSettings = {
				ASSETCATALOG_COMPILER_APPICON_NAME = AppIcon;
				CODE_SIGN_STYLE = Automatic;
				DEVELOPMENT_TEAM = 4EZ8VHFB5W;
				INFOPLIST_FILE = APPGeneralStructure/Info.plist;
				LD_RUNPATH_SEARCH_PATHS = "$(inherited) @executable_path/Frameworks";
				PRODUCT_BUNDLE_IDENTIFIER = wangliqun.APPGeneralStructure;
				PRODUCT_NAME = "$(TARGET_NAME)";
				TARGETED_DEVICE_FAMILY = "1,2";
			};
			name = Test;
		};
		CEB2B581202BFEE8003091AC /* Test */ = {
			isa = XCBuildConfiguration;
			buildSettings = {
				BUNDLE_LOADER = "$(TEST_HOST)";
				CODE_SIGN_STYLE = Automatic;
				DEVELOPMENT_TEAM = 4EZ8VHFB5W;
				INFOPLIST_FILE = APPGeneralStructureTests/Info.plist;
				LD_RUNPATH_SEARCH_PATHS = "$(inherited) @executable_path/Frameworks @loader_path/Frameworks";
				PRODUCT_BUNDLE_IDENTIFIER = wangliqun.APPGeneralStructureTests;
				PRODUCT_NAME = "$(TARGET_NAME)";
				TARGETED_DEVICE_FAMILY = "1,2";
				TEST_HOST = "$(BUILT_PRODUCTS_DIR)/APPGeneralStructure.app/APPGeneralStructure";
			};
			name = Test;
		};
		CEB2B582202BFEE8003091AC /* Test */ = {
			isa = XCBuildConfiguration;
			buildSettings = {
				CODE_SIGN_STYLE = Automatic;
				DEVELOPMENT_TEAM = 4EZ8VHFB5W;
				INFOPLIST_FILE = APPGeneralStructureUITests/Info.plist;
				LD_RUNPATH_SEARCH_PATHS = "$(inherited) @executable_path/Frameworks @loader_path/Frameworks";
				PRODUCT_BUNDLE_IDENTIFIER = wangliqun.APPGeneralStructureUITests;
				PRODUCT_NAME = "$(TARGET_NAME)";
				TARGETED_DEVICE_FAMILY = "1,2";
				TEST_TARGET_NAME = APPGeneralStructure;
			};
			name = Test;
		};
/* End XCBuildConfiguration section */

/* Begin XCConfigurationList section */
		CE5886A0202AEDA3003CB4D8 /* Build configuration list for PBXProject "APPGeneralStructure" */ = {
			isa = XCConfigurationList;
			buildConfigurations = (
				CE5886CF202AEDA3003CB4D8 /* Debug */,
				CEB2B57F202BFEE8003091AC /* Test */,
				CE5886D0202AEDA3003CB4D8 /* Release */,
			);
			defaultConfigurationIsVisible = 0;
			defaultConfigurationName = Release;
		};
		CE5886D1202AEDA3003CB4D8 /* Build configuration list for PBXNativeTarget "APPGeneralStructure" */ = {
			isa = XCConfigurationList;
			buildConfigurations = (
				CE5886D2202AEDA3003CB4D8 /* Debug */,
				CEB2B580202BFEE8003091AC /* Test */,
				CE5886D3202AEDA3003CB4D8 /* Release */,
			);
			defaultConfigurationIsVisible = 0;
			defaultConfigurationName = Release;
		};
		CE5886D4202AEDA3003CB4D8 /* Build configuration list for PBXNativeTarget "APPGeneralStructureTests" */ = {
			isa = XCConfigurationList;
			buildConfigurations = (
				CE5886D5202AEDA3003CB4D8 /* Debug */,
				CEB2B581202BFEE8003091AC /* Test */,
				CE5886D6202AEDA3003CB4D8 /* Release */,
			);
			defaultConfigurationIsVisible = 0;
			defaultConfigurationName = Release;
		};
		CE5886D7202AEDA3003CB4D8 /* Build configuration list for PBXNativeTarget "APPGeneralStructureUITests" */ = {
			isa = XCConfigurationList;
			buildConfigurations = (
				CE5886D8202AEDA3003CB4D8 /* Debug */,
				CEB2B582202BFEE8003091AC /* Test */,
				CE5886D9202AEDA3003CB4D8 /* Release */,
			);
			defaultConfigurationIsVisible = 0;
			defaultConfigurationName = Release;
		};
/* End XCConfigurationList section */
	};
	rootObject = CE58869D202AEDA3003CB4D8 /* Project object */;
}
